
Microsoft Visual Studio Solution File, Format Version 12.00
# Visual Studio Version 16
VisualStudioVersion = 16.0.31729.503
MinimumVisualStudioVersion = 10.0.40219.1
Project("{9A19103F-16F7-4668-BE54-9A1E7A4F7556}") = "PeliculasApi", "PeliculasApi\PeliculasApi.csproj", "{B8DB6FA4-55A1-4C92-82BD-27F7BD7D4D7C}"
EndProject
Project("{FAE04EC0-301F-11D3-BF4B-00C04F79EFBC}") = "PeliculasApi.test", "PeliculasApi.test\PeliculasApi.test.csproj", "{AF6E83D4-CF53-48F2-9BBD-91B4554F18BD}"
EndProject
Global
	GlobalSection(SolutionConfigurationPlatforms) = preSolution
		Debug|Any CPU = Debug|Any CPU
		Release|Any CPU = Release|Any CPU
	EndGlobalSection
	GlobalSection(ProjectConfigurationPlatforms) = postSolution
		{B8DB6FA4-55A1-4C92-82BD-27F7BD7D4D7C}.Debug|Any CPU.ActiveCfg = Debug|Any CPU
		{B8DB6FA4-55A1-4C92-82BD-27F7BD7D4D7C}.Debug|Any CPU.Build.0 = Debug|Any CPU
		{B8DB6FA4-55A1-4C92-82BD-27F7BD7D4D7C}.Release|Any CPU.ActiveCfg = Release|Any CPU
		{B8DB6FA4-55A1-4C92-82BD-27F7BD7D4D7C}.Release|Any CPU.Build.0 = Release|Any CPU
		{AF6E83D4-CF53-48F2-9BBD-91B4554F18BD}.Debug|Any CPU.ActiveCfg = Debug|Any CPU
		{AF6E83D4-CF53-48F2-9BBD-91B4554F18BD}.Debug|Any CPU.Build.0 = Debug|Any CPU
		{AF6E83D4-CF53-48F2-9BBD-91B4554F18BD}.Release|Any CPU.ActiveCfg = Release|Any CPU
		{AF6E83D4-CF53-48F2-9BBD-91B4554F18BD}.Release|Any CPU.Build.0 = Release|Any CPU
	EndGlobalSection
	GlobalSection(SolutionProperties) = preSolution
		HideSolutionNode = FALSE
	EndGlobalSection
	GlobalSection(ExtensibilityGlobals) = postSolution
		SolutionGuid = {8A316F29-4E25-453D-A48C-7F203DD09F1D}
	EndGlobalSection
EndGlobal
